// !$*UTF8*$!
{
	archiveVersion = 1;
	classes = {
	};
	objectVersion = 48;
	objects = {

/* Begin PBXBuildFile section */
		48C654211F8B7EA800CAAD05 /* AppDelegate.m in Sources */ = {isa = PBXBuildFile; fileRef = 48C654201F8B7EA800CAAD05 /* AppDelegate.m */; };
		48C654241F8B7EA800CAAD05 /* ViewController.m in Sources */ = {isa = PBXBuildFile; fileRef = 48C654231F8B7EA800CAAD05 /* ViewController.m */; };
		48C654271F8B7EA800CAAD05 /* Main.storyboard in Resources */ = {isa = PBXBuildFile; fileRef = 48C654251F8B7EA800CAAD05 /* Main.storyboard */; };
		48C654291F8B7EA800CAAD05 /* Assets.xcassets in Resources */ = {isa = PBXBuildFile; fileRef = 48C654281F8B7EA800CAAD05 /* Assets.xcassets */; };
		48C6542C1F8B7EA800CAAD05 /* LaunchScreen.storyboard in Resources */ = {isa = PBXBuildFile; fileRef = 48C6542A1F8B7EA800CAAD05 /* LaunchScreen.storyboard */; };
		48C6542F1F8B7EA800CAAD05 /* main.m in Sources */ = {isa = PBXBuildFile; fileRef = 48C6542E1F8B7EA800CAAD05 /* main.m */; };
		48C654391F8B7EA800CAAD05 /* OnceKitDemoTests.m in Sources */ = {isa = PBXBuildFile; fileRef = 48C654381F8B7EA800CAAD05 /* OnceKitDemoTests.m */; };
		48C654441F8B7EA800CAAD05 /* OnceKitDemoUITests.m in Sources */ = {isa = PBXBuildFile; fileRef = 48C654431F8B7EA800CAAD05 /* OnceKitDemoUITests.m */; };
		48C655571F8E158900CAAD05 /* OnceProgressHUD.m in Sources */ = {isa = PBXBuildFile; fileRef = 48C655561F8E158900CAAD05 /* OnceProgressHUD.m */; };
		4C968D061A03FC593F1EDBB1 /* libPods-OnceKitDemo.a in Frameworks */ = {isa = PBXBuildFile; fileRef = 3C9117829F6CA61B81792AE8 /* libPods-OnceKitDemo.a */; };
		83978307DC666AB3ED5CBE4A /* libPods-OnceKitDemoTests.a in Frameworks */ = {isa = PBXBuildFile; fileRef = FB52958B1069CBDF6FE274AF /* libPods-OnceKitDemoTests.a */; };
		8BA05C851F00DC077F21449C /* libPods-OnceKitDemoUITests.a in Frameworks */ = {isa = PBXBuildFile; fileRef = 51F00E7E5212CCC85B3D8F07 /* libPods-OnceKitDemoUITests.a */; };
/* End PBXBuildFile section */

/* Begin PBXContainerItemProxy section */
		48C654351F8B7EA800CAAD05 /* PBXContainerItemProxy */ = {
			isa = PBXContainerItemProxy;
			containerPortal = 48C654141F8B7EA800CAAD05 /* Project object */;
			proxyType = 1;
			remoteGlobalIDString = 48C6541B1F8B7EA800CAAD05;
			remoteInfo = OnceKitDemo;
		};
		48C654401F8B7EA800CAAD05 /* PBXContainerItemProxy */ = {
			isa = PBXContainerItemProxy;
			containerPortal = 48C654141F8B7EA800CAAD05 /* Project object */;
			proxyType = 1;
			remoteGlobalIDString = 48C6541B1F8B7EA800CAAD05;
			remoteInfo = OnceKitDemo;
		};
/* End PBXContainerItemProxy section */

/* Begin PBXFileReference section */
		16C84D851BD504A37583FBFB /* Pods-OnceKitDemo.release.xcconfig */ = {isa = PBXFileReference; includeInIndex = 1; lastKnownFileType = text.xcconfig; name = "Pods-OnceKitDemo.release.xcconfig"; path = "Pods/Target Support Files/Pods-OnceKitDemo/Pods-OnceKitDemo.release.xcconfig"; sourceTree = "<group>"; };
		3C9117829F6CA61B81792AE8 /* libPods-OnceKitDemo.a */ = {isa = PBXFileReference; explicitFileType = archive.ar; includeInIndex = 0; path = "libPods-OnceKitDemo.a"; sourceTree = BUILT_PRODUCTS_DIR; };
		48C6541C1F8B7EA800CAAD05 /* OnceKitDemo.app */ = {isa = PBXFileReference; explicitFileType = wrapper.application; includeInIndex = 0; path = OnceKitDemo.app; sourceTree = BUILT_PRODUCTS_DIR; };
		48C6541F1F8B7EA800CAAD05 /* AppDelegate.h */ = {isa = PBXFileReference; lastKnownFileType = sourcecode.c.h; path = AppDelegate.h; sourceTree = "<group>"; };
		48C654201F8B7EA800CAAD05 /* AppDelegate.m */ = {isa = PBXFileReference; lastKnownFileType = sourcecode.c.objc; path = AppDelegate.m; sourceTree = "<group>"; };
		48C654221F8B7EA800CAAD05 /* ViewController.h */ = {isa = PBXFileReference; lastKnownFileType = sourcecode.c.h; path = ViewController.h; sourceTree = "<group>"; };
		48C654231F8B7EA800CAAD05 /* ViewController.m */ = {isa = PBXFileReference; lastKnownFileType = sourcecode.c.objc; path = ViewController.m; sourceTree = "<group>"; };
		48C654261F8B7EA800CAAD05 /* Base */ = {isa = PBXFileReference; lastKnownFileType = file.storyboard; name = Base; path = Base.lproj/Main.storyboard; sourceTree = "<group>"; };
		48C654281F8B7EA800CAAD05 /* Assets.xcassets */ = {isa = PBXFileReference; lastKnownFileType = folder.assetcatalog; path = Assets.xcassets; sourceTree = "<group>"; };
		48C6542B1F8B7EA800CAAD05 /* Base */ = {isa = PBXFileReference; lastKnownFileType = file.storyboard; name = Base; path = Base.lproj/LaunchScreen.storyboard; sourceTree = "<group>"; };
		48C6542D1F8B7EA800CAAD05 /* Info.plist */ = {isa = PBXFileReference; lastKnownFileType = text.plist.xml; path = Info.plist; sourceTree = "<group>"; };
		48C6542E1F8B7EA800CAAD05 /* main.m */ = {isa = PBXFileReference; lastKnownFileType = sourcecode.c.objc; path = main.m; sourceTree = "<group>"; };
		48C654341F8B7EA800CAAD05 /* OnceKitDemoTests.xctest */ = {isa = PBXFileReference; explicitFileType = wrapper.cfbundle; includeInIndex = 0; path = OnceKitDemoTests.xctest; sourceTree = BUILT_PRODUCTS_DIR; };
		48C654381F8B7EA800CAAD05 /* OnceKitDemoTests.m */ = {isa = PBXFileReference; lastKnownFileType = sourcecode.c.objc; path = OnceKitDemoTests.m; sourceTree = "<group>"; };
		48C6543A1F8B7EA800CAAD05 /* Info.plist */ = {isa = PBXFileReference; lastKnownFileType = text.plist.xml; path = Info.plist; sourceTree = "<group>"; };
		48C6543F1F8B7EA800CAAD05 /* OnceKitDemoUITests.xctest */ = {isa = PBXFileReference; explicitFileType = wrapper.cfbundle; includeInIndex = 0; path = OnceKitDemoUITests.xctest; sourceTree = BUILT_PRODUCTS_DIR; };
		48C654431F8B7EA800CAAD05 /* OnceKitDemoUITests.m */ = {isa = PBXFileReference; lastKnownFileType = sourcecode.c.objc; path = OnceKitDemoUITests.m; sourceTree = "<group>"; };
		48C654451F8B7EA800CAAD05 /* Info.plist */ = {isa = PBXFileReference; lastKnownFileType = text.plist.xml; path = Info.plist; sourceTree = "<group>"; };
		48C6553A1F8DF69000CAAD05 /* NSDictionary+Once.h */ = {isa = PBXFileReference; lastKnownFileType = sourcecode.c.h; path = "NSDictionary+Once.h"; sourceTree = "<group>"; };
		48C6553B1F8DF69000CAAD05 /* NSDictionary+Once.m */ = {isa = PBXFileReference; lastKnownFileType = sourcecode.c.objc; path = "NSDictionary+Once.m"; sourceTree = "<group>"; };
		48C6553C1F8DF69000CAAD05 /* NSMutableDictionary+Once.h */ = {isa = PBXFileReference; lastKnownFileType = sourcecode.c.h; path = "NSMutableDictionary+Once.h"; sourceTree = "<group>"; };
		48C6553D1F8DF69000CAAD05 /* NSMutableDictionary+Once.m */ = {isa = PBXFileReference; lastKnownFileType = sourcecode.c.objc; path = "NSMutableDictionary+Once.m"; sourceTree = "<group>"; };
		48C6553E1F8DF69000CAAD05 /* OnceKit.h */ = {isa = PBXFileReference; lastKnownFileType = sourcecode.c.h; path = OnceKit.h; sourceTree = "<group>"; };
		48C6553F1F8DF69000CAAD05 /* OnceNavTools.h */ = {isa = PBXFileReference; lastKnownFileType = sourcecode.c.h; path = OnceNavTools.h; sourceTree = "<group>"; };
		48C655401F8DF69000CAAD05 /* OnceNavTools.m */ = {isa = PBXFileReference; lastKnownFileType = sourcecode.c.objc; path = OnceNavTools.m; sourceTree = "<group>"; };
		48C655411F8DF69000CAAD05 /* OnceRefresh.h */ = {isa = PBXFileReference; lastKnownFileType = sourcecode.c.h; path = OnceRefresh.h; sourceTree = "<group>"; };
		48C655421F8DF69000CAAD05 /* OnceRefresh.m */ = {isa = PBXFileReference; lastKnownFileType = sourcecode.c.objc; path = OnceRefresh.m; sourceTree = "<group>"; };
		48C655431F8DF69000CAAD05 /* SystemOnce.h */ = {isa = PBXFileReference; lastKnownFileType = sourcecode.c.h; path = SystemOnce.h; sourceTree = "<group>"; };
		48C655441F8DF69000CAAD05 /* UIBarButtonItem+Once.h */ = {isa = PBXFileReference; lastKnownFileType = sourcecode.c.h; path = "UIBarButtonItem+Once.h"; sourceTree = "<group>"; };
		48C655451F8DF69000CAAD05 /* UIBarButtonItem+Once.m */ = {isa = PBXFileReference; lastKnownFileType = sourcecode.c.objc; path = "UIBarButtonItem+Once.m"; sourceTree = "<group>"; };
		48C655461F8DF69000CAAD05 /* UIButton+Once.h */ = {isa = PBXFileReference; lastKnownFileType = sourcecode.c.h; path = "UIButton+Once.h"; sourceTree = "<group>"; };
		48C655471F8DF69000CAAD05 /* UIButton+Once.m */ = {isa = PBXFileReference; lastKnownFileType = sourcecode.c.objc; path = "UIButton+Once.m"; sourceTree = "<group>"; };
		48C655481F8DF69000CAAD05 /* UIImage+Once.h */ = {isa = PBXFileReference; lastKnownFileType = sourcecode.c.h; path = "UIImage+Once.h"; sourceTree = "<group>"; };
		48C655491F8DF69000CAAD05 /* UIImage+Once.m */ = {isa = PBXFileReference; lastKnownFileType = sourcecode.c.objc; path = "UIImage+Once.m"; sourceTree = "<group>"; };
		48C6554A1F8DF69000CAAD05 /* UIImageView+Once.h */ = {isa = PBXFileReference; lastKnownFileType = sourcecode.c.h; path = "UIImageView+Once.h"; sourceTree = "<group>"; };
		48C6554B1F8DF69000CAAD05 /* UIImageView+Once.m */ = {isa = PBXFileReference; lastKnownFileType = sourcecode.c.objc; path = "UIImageView+Once.m"; sourceTree = "<group>"; };
		48C6554C1F8DF69000CAAD05 /* UILabel+Once.h */ = {isa = PBXFileReference; lastKnownFileType = sourcecode.c.h; path = "UILabel+Once.h"; sourceTree = "<group>"; };
		48C6554D1F8DF69000CAAD05 /* UILabel+Once.m */ = {isa = PBXFileReference; lastKnownFileType = sourcecode.c.objc; path = "UILabel+Once.m"; sourceTree = "<group>"; };
		48C6554E1F8DF69000CAAD05 /* UITextField+Once.h */ = {isa = PBXFileReference; lastKnownFileType = sourcecode.c.h; path = "UITextField+Once.h"; sourceTree = "<group>"; };
		48C6554F1F8DF69000CAAD05 /* UITextField+Once.m */ = {isa = PBXFileReference; lastKnownFileType = sourcecode.c.objc; path = "UITextField+Once.m"; sourceTree = "<group>"; };
		48C655501F8DF69000CAAD05 /* UIView+Once.h */ = {isa = PBXFileReference; lastKnownFileType = sourcecode.c.h; path = "UIView+Once.h"; sourceTree = "<group>"; };
		48C655511F8DF69000CAAD05 /* UIView+Once.m */ = {isa = PBXFileReference; lastKnownFileType = sourcecode.c.objc; path = "UIView+Once.m"; sourceTree = "<group>"; };
		48C655551F8E158900CAAD05 /* OnceProgressHUD.h */ = {isa = PBXFileReference; lastKnownFileType = sourcecode.c.h; path = OnceProgressHUD.h; sourceTree = "<group>"; };
		48C655561F8E158900CAAD05 /* OnceProgressHUD.m */ = {isa = PBXFileReference; lastKnownFileType = sourcecode.c.objc; path = OnceProgressHUD.m; sourceTree = "<group>"; };
		48C655581F8E1A1600CAAD05 /* OnceCommonMacro.h */ = {isa = PBXFileReference; lastKnownFileType = sourcecode.c.h; path = OnceCommonMacro.h; sourceTree = "<group>"; };
		51F00E7E5212CCC85B3D8F07 /* libPods-OnceKitDemoUITests.a */ = {isa = PBXFileReference; explicitFileType = archive.ar; includeInIndex = 0; path = "libPods-OnceKitDemoUITests.a"; sourceTree = BUILT_PRODUCTS_DIR; };
		924A881DC5AC1E64FC4C8F5B /* Pods-OnceKitDemoUITests.release.xcconfig */ = {isa = PBXFileReference; includeInIndex = 1; lastKnownFileType = text.xcconfig; name = "Pods-OnceKitDemoUITests.release.xcconfig"; path = "Pods/Target Support Files/Pods-OnceKitDemoUITests/Pods-OnceKitDemoUITests.release.xcconfig"; sourceTree = "<group>"; };
		A581A1653A08F117B2B9B20F /* Pods-OnceKitDemo.debug.xcconfig */ = {isa = PBXFileReference; includeInIndex = 1; lastKnownFileType = text.xcconfig; name = "Pods-OnceKitDemo.debug.xcconfig"; path = "Pods/Target Support Files/Pods-OnceKitDemo/Pods-OnceKitDemo.debug.xcconfig"; sourceTree = "<group>"; };
		BC7603E6C2D0A184A75CE57E /* Pods-OnceKitDemoUITests.debug.xcconfig */ = {isa = PBXFileReference; includeInIndex = 1; lastKnownFileType = text.xcconfig; name = "Pods-OnceKitDemoUITests.debug.xcconfig"; path = "Pods/Target Support Files/Pods-OnceKitDemoUITests/Pods-OnceKitDemoUITests.debug.xcconfig"; sourceTree = "<group>"; };
		DBDE36AAE888F3993CD55A92 /* Pods-OnceKitDemoTests.release.xcconfig */ = {isa = PBXFileReference; includeInIndex = 1; lastKnownFileType = text.xcconfig; name = "Pods-OnceKitDemoTests.release.xcconfig"; path = "Pods/Target Support Files/Pods-OnceKitDemoTests/Pods-OnceKitDemoTests.release.xcconfig"; sourceTree = "<group>"; };
		FB52958B1069CBDF6FE274AF /* libPods-OnceKitDemoTests.a */ = {isa = PBXFileReference; explicitFileType = archive.ar; includeInIndex = 0; path = "libPods-OnceKitDemoTests.a"; sourceTree = BUILT_PRODUCTS_DIR; };
		FE387A5220F525242DF4D3F6 /* Pods-OnceKitDemoTests.debug.xcconfig */ = {isa = PBXFileReference; includeInIndex = 1; lastKnownFileType = text.xcconfig; name = "Pods-OnceKitDemoTests.debug.xcconfig"; path = "Pods/Target Support Files/Pods-OnceKitDemoTests/Pods-OnceKitDemoTests.debug.xcconfig"; sourceTree = "<group>"; };
/* End PBXFileReference section */

/* Begin PBXFrameworksBuildPhase section */
		48C654191F8B7EA800CAAD05 /* Frameworks */ = {
			isa = PBXFrameworksBuildPhase;
			buildActionMask = 2147483647;
			files = (
				4C968D061A03FC593F1EDBB1 /* libPods-OnceKitDemo.a in Frameworks */,
			);
			runOnlyForDeploymentPostprocessing = 0;
		};
		48C654311F8B7EA800CAAD05 /* Frameworks */ = {
			isa = PBXFrameworksBuildPhase;
			buildActionMask = 2147483647;
			files = (
				83978307DC666AB3ED5CBE4A /* libPods-OnceKitDemoTests.a in Frameworks */,
			);
			runOnlyForDeploymentPostprocessing = 0;
		};
		48C6543C1F8B7EA800CAAD05 /* Frameworks */ = {
			isa = PBXFrameworksBuildPhase;
			buildActionMask = 2147483647;
			files = (
				8BA05C851F00DC077F21449C /* libPods-OnceKitDemoUITests.a in Frameworks */,
			);
			runOnlyForDeploymentPostprocessing = 0;
		};
/* End PBXFrameworksBuildPhase section */

/* Begin PBXGroup section */
		48C654131F8B7EA800CAAD05 = {
			isa = PBXGroup;
			children = (
				48C6541E1F8B7EA800CAAD05 /* OnceKitDemo */,
				48C654371F8B7EA800CAAD05 /* OnceKitDemoTests */,
				48C654421F8B7EA800CAAD05 /* OnceKitDemoUITests */,
				48C6541D1F8B7EA800CAAD05 /* Products */,
				E8975D4592A2B151AAA30DDF /* Pods */,
				734161810436442C8424C641 /* Frameworks */,
			);
			sourceTree = "<group>";
		};
		48C6541D1F8B7EA800CAAD05 /* Products */ = {
			isa = PBXGroup;
			children = (
				48C6541C1F8B7EA800CAAD05 /* OnceKitDemo.app */,
				48C654341F8B7EA800CAAD05 /* OnceKitDemoTests.xctest */,
				48C6543F1F8B7EA800CAAD05 /* OnceKitDemoUITests.xctest */,
			);
			name = Products;
			sourceTree = "<group>";
		};
		48C6541E1F8B7EA800CAAD05 /* OnceKitDemo */ = {
			isa = PBXGroup;
			children = (
				48C655391F8DF69000CAAD05 /* Classes */,
				48C6541F1F8B7EA800CAAD05 /* AppDelegate.h */,
				48C654201F8B7EA800CAAD05 /* AppDelegate.m */,
				48C654221F8B7EA800CAAD05 /* ViewController.h */,
				48C654231F8B7EA800CAAD05 /* ViewController.m */,
				48C654251F8B7EA800CAAD05 /* Main.storyboard */,
				48C654281F8B7EA800CAAD05 /* Assets.xcassets */,
				48C6542A1F8B7EA800CAAD05 /* LaunchScreen.storyboard */,
				48C6542D1F8B7EA800CAAD05 /* Info.plist */,
				48C6542E1F8B7EA800CAAD05 /* main.m */,
			);
			path = OnceKitDemo;
			sourceTree = "<group>";
		};
		48C654371F8B7EA800CAAD05 /* OnceKitDemoTests */ = {
			isa = PBXGroup;
			children = (
				48C654381F8B7EA800CAAD05 /* OnceKitDemoTests.m */,
				48C6543A1F8B7EA800CAAD05 /* Info.plist */,
			);
			path = OnceKitDemoTests;
			sourceTree = "<group>";
		};
		48C654421F8B7EA800CAAD05 /* OnceKitDemoUITests */ = {
			isa = PBXGroup;
			children = (
				48C654431F8B7EA800CAAD05 /* OnceKitDemoUITests.m */,
				48C654451F8B7EA800CAAD05 /* Info.plist */,
			);
			path = OnceKitDemoUITests;
			sourceTree = "<group>";
		};
		48C655391F8DF69000CAAD05 /* Classes */ = {
			isa = PBXGroup;
			children = (
				48C6553A1F8DF69000CAAD05 /* NSDictionary+Once.h */,
				48C6553B1F8DF69000CAAD05 /* NSDictionary+Once.m */,
				48C6553C1F8DF69000CAAD05 /* NSMutableDictionary+Once.h */,
				48C6553D1F8DF69000CAAD05 /* NSMutableDictionary+Once.m */,
				48C6553E1F8DF69000CAAD05 /* OnceKit.h */,
				48C6553F1F8DF69000CAAD05 /* OnceNavTools.h */,
				48C655401F8DF69000CAAD05 /* OnceNavTools.m */,
				48C655411F8DF69000CAAD05 /* OnceRefresh.h */,
				48C655421F8DF69000CAAD05 /* OnceRefresh.m */,
				48C655431F8DF69000CAAD05 /* SystemOnce.h */,
				48C655441F8DF69000CAAD05 /* UIBarButtonItem+Once.h */,
				48C655451F8DF69000CAAD05 /* UIBarButtonItem+Once.m */,
				48C655461F8DF69000CAAD05 /* UIButton+Once.h */,
				48C655471F8DF69000CAAD05 /* UIButton+Once.m */,
				48C655481F8DF69000CAAD05 /* UIImage+Once.h */,
				48C655491F8DF69000CAAD05 /* UIImage+Once.m */,
				48C6554A1F8DF69000CAAD05 /* UIImageView+Once.h */,
				48C6554B1F8DF69000CAAD05 /* UIImageView+Once.m */,
				48C6554C1F8DF69000CAAD05 /* UILabel+Once.h */,
				48C6554D1F8DF69000CAAD05 /* UILabel+Once.m */,
				48C6554E1F8DF69000CAAD05 /* UITextField+Once.h */,
				48C6554F1F8DF69000CAAD05 /* UITextField+Once.m */,
				48C655501F8DF69000CAAD05 /* UIView+Once.h */,
				48C655511F8DF69000CAAD05 /* UIView+Once.m */,
				48C655551F8E158900CAAD05 /* OnceProgressHUD.h */,
				48C655561F8E158900CAAD05 /* OnceProgressHUD.m */,
				48C655581F8E1A1600CAAD05 /* OnceCommonMacro.h */,
			);
			name = Classes;
			path = ../../OnceKit/Classes;
			sourceTree = "<group>";
		};
		734161810436442C8424C641 /* Frameworks */ = {
			isa = PBXGroup;
			children = (
				3C9117829F6CA61B81792AE8 /* libPods-OnceKitDemo.a */,
				FB52958B1069CBDF6FE274AF /* libPods-OnceKitDemoTests.a */,
				51F00E7E5212CCC85B3D8F07 /* libPods-OnceKitDemoUITests.a */,
			);
			name = Frameworks;
			sourceTree = "<group>";
		};
		E8975D4592A2B151AAA30DDF /* Pods */ = {
			isa = PBXGroup;
			children = (
				A581A1653A08F117B2B9B20F /* Pods-OnceKitDemo.debug.xcconfig */,
				16C84D851BD504A37583FBFB /* Pods-OnceKitDemo.release.xcconfig */,
				FE387A5220F525242DF4D3F6 /* Pods-OnceKitDemoTests.debug.xcconfig */,
				DBDE36AAE888F3993CD55A92 /* Pods-OnceKitDemoTests.release.xcconfig */,
				BC7603E6C2D0A184A75CE57E /* Pods-OnceKitDemoUITests.debug.xcconfig */,
				924A881DC5AC1E64FC4C8F5B /* Pods-OnceKitDemoUITests.release.xcconfig */,
			);
			name = Pods;
			sourceTree = "<group>";
		};
/* End PBXGroup section */

/* Begin PBXNativeTarget section */
		48C6541B1F8B7EA800CAAD05 /* OnceKitDemo */ = {
			isa = PBXNativeTarget;
			buildConfigurationList = 48C654481F8B7EA800CAAD05 /* Build configuration list for PBXNativeTarget "OnceKitDemo" */;
			buildPhases = (
				BE4510CE16380292EDB390CC /* [CP] Check Pods Manifest.lock */,
				48C654181F8B7EA800CAAD05 /* Sources */,
				48C654191F8B7EA800CAAD05 /* Frameworks */,
				48C6541A1F8B7EA800CAAD05 /* Resources */,
				F7CC46308DF905FE021648C1 /* [CP] Embed Pods Frameworks */,
				185FAC42754154595DE33796 /* [CP] Copy Pods Resources */,
			);
			buildRules = (
			);
			dependencies = (
			);
			name = OnceKitDemo;
			productName = OnceKitDemo;
			productReference = 48C6541C1F8B7EA800CAAD05 /* OnceKitDemo.app */;
			productType = "com.apple.product-type.application";
		};
		48C654331F8B7EA800CAAD05 /* OnceKitDemoTests */ = {
			isa = PBXNativeTarget;
			buildConfigurationList = 48C6544B1F8B7EA800CAAD05 /* Build configuration list for PBXNativeTarget "OnceKitDemoTests" */;
			buildPhases = (
				024CF5A79625C79A51925865 /* [CP] Check Pods Manifest.lock */,
				48C654301F8B7EA800CAAD05 /* Sources */,
				48C654311F8B7EA800CAAD05 /* Frameworks */,
				48C654321F8B7EA800CAAD05 /* Resources */,
				9B54BF1BA1CD48D887F00900 /* [CP] Embed Pods Frameworks */,
				94FF0688BDE641F5ED13CC84 /* [CP] Copy Pods Resources */,
			);
			buildRules = (
			);
			dependencies = (
				48C654361F8B7EA800CAAD05 /* PBXTargetDependency */,
			);
			name = OnceKitDemoTests;
			productName = OnceKitDemoTests;
			productReference = 48C654341F8B7EA800CAAD05 /* OnceKitDemoTests.xctest */;
			productType = "com.apple.product-type.bundle.unit-test";
		};
		48C6543E1F8B7EA800CAAD05 /* OnceKitDemoUITests */ = {
			isa = PBXNativeTarget;
			buildConfigurationList = 48C6544E1F8B7EA800CAAD05 /* Build configuration list for PBXNativeTarget "OnceKitDemoUITests" */;
			buildPhases = (
				D1814DF6CDEF3A96E0DB7352 /* [CP] Check Pods Manifest.lock */,
				48C6543B1F8B7EA800CAAD05 /* Sources */,
				48C6543C1F8B7EA800CAAD05 /* Frameworks */,
				48C6543D1F8B7EA800CAAD05 /* Resources */,
				E5A30A510EE4A886D0AB87D1 /* [CP] Embed Pods Frameworks */,
				7C2433A6629634489427E96B /* [CP] Copy Pods Resources */,
			);
			buildRules = (
			);
			dependencies = (
				48C654411F8B7EA800CAAD05 /* PBXTargetDependency */,
			);
			name = OnceKitDemoUITests;
			productName = OnceKitDemoUITests;
			productReference = 48C6543F1F8B7EA800CAAD05 /* OnceKitDemoUITests.xctest */;
			productType = "com.apple.product-type.bundle.ui-testing";
		};
/* End PBXNativeTarget section */

/* Begin PBXProject section */
		48C654141F8B7EA800CAAD05 /* Project object */ = {
			isa = PBXProject;
			attributes = {
				LastUpgradeCheck = 0900;
				ORGANIZATIONNAME = "曹绍奇";
				TargetAttributes = {
					48C6541B1F8B7EA800CAAD05 = {
						CreatedOnToolsVersion = 9.0;
						ProvisioningStyle = Automatic;
					};
					48C654331F8B7EA800CAAD05 = {
						CreatedOnToolsVersion = 9.0;
						ProvisioningStyle = Automatic;
						TestTargetID = 48C6541B1F8B7EA800CAAD05;
					};
					48C6543E1F8B7EA800CAAD05 = {
						CreatedOnToolsVersion = 9.0;
						ProvisioningStyle = Automatic;
						TestTargetID = 48C6541B1F8B7EA800CAAD05;
					};
				};
			};
			buildConfigurationList = 48C654171F8B7EA800CAAD05 /* Build configuration list for PBXProject "OnceKitDemo" */;
			compatibilityVersion = "Xcode 8.0";
			developmentRegion = en;
			hasScannedForEncodings = 0;
			knownRegions = (
				en,
				Base,
			);
			mainGroup = 48C654131F8B7EA800CAAD05;
			productRefGroup = 48C6541D1F8B7EA800CAAD05 /* Products */;
			projectDirPath = "";
			projectRoot = "";
			targets = (
				48C6541B1F8B7EA800CAAD05 /* OnceKitDemo */,
				48C654331F8B7EA800CAAD05 /* OnceKitDemoTests */,
				48C6543E1F8B7EA800CAAD05 /* OnceKitDemoUITests */,
			);
		};
/* End PBXProject section */

/* Begin PBXResourcesBuildPhase section */
		48C6541A1F8B7EA800CAAD05 /* Resources */ = {
			isa = PBXResourcesBuildPhase;
			buildActionMask = 2147483647;
			files = (
				48C6542C1F8B7EA800CAAD05 /* LaunchScreen.storyboard in Resources */,
				48C654291F8B7EA800CAAD05 /* Assets.xcassets in Resources */,
				48C654271F8B7EA800CAAD05 /* Main.storyboard in Resources */,
			);
			runOnlyForDeploymentPostprocessing = 0;
		};
		48C654321F8B7EA800CAAD05 /* Resources */ = {
			isa = PBXResourcesBuildPhase;
			buildActionMask = 2147483647;
			files = (
			);
			runOnlyForDeploymentPostprocessing = 0;
		};
		48C6543D1F8B7EA800CAAD05 /* Resources */ = {
			isa = PBXResourcesBuildPhase;
			buildActionMask = 2147483647;
			files = (
			);
			runOnlyForDeploymentPostprocessing = 0;
		};
/* End PBXResourcesBuildPhase section */

/* Begin PBXShellScriptBuildPhase section */
		024CF5A79625C79A51925865 /* [CP] Check Pods Manifest.lock */ = {
			isa = PBXShellScriptBuildPhase;
			buildActionMask = 2147483647;
			files = (
			);
			inputPaths = (
				"${PODS_PODFILE_DIR_PATH}/Podfile.lock",
				"${PODS_ROOT}/Manifest.lock",
			);
			name = "[CP] Check Pods Manifest.lock";
			outputPaths = (
				"$(DERIVED_FILE_DIR)/Pods-OnceKitDemoTests-checkManifestLockResult.txt",
			);
			runOnlyForDeploymentPostprocessing = 0;
			shellPath = /bin/sh;
			shellScript = "diff \"${PODS_PODFILE_DIR_PATH}/Podfile.lock\" \"${PODS_ROOT}/Manifest.lock\" > /dev/null\nif [ $? != 0 ] ; then\n    # print error to STDERR\n    echo \"error: The sandbox is not in sync with the Podfile.lock. Run 'pod install' or update your CocoaPods installation.\" >&2\n    exit 1\nfi\n# This output is used by Xcode 'outputs' to avoid re-running this script phase.\necho \"SUCCESS\" > \"${SCRIPT_OUTPUT_FILE_0}\"\n";
			showEnvVarsInLog = 0;
		};
		185FAC42754154595DE33796 /* [CP] Copy Pods Resources */ = {
			isa = PBXShellScriptBuildPhase;
			buildActionMask = 2147483647;
			files = (
			);
			inputPaths = (
				"${SRCROOT}/Pods/Target Support Files/Pods-OnceKitDemo/Pods-OnceKitDemo-resources.sh",
				"${PODS_ROOT}/MJRefresh/MJRefresh/MJRefresh.bundle",
			);
			name = "[CP] Copy Pods Resources";
			outputPaths = (
				"${TARGET_BUILD_DIR}/${UNLOCALIZED_RESOURCES_FOLDER_PATH}",
			);
			runOnlyForDeploymentPostprocessing = 0;
			shellPath = /bin/sh;
			shellScript = "\"${SRCROOT}/Pods/Target Support Files/Pods-OnceKitDemo/Pods-OnceKitDemo-resources.sh\"\n";
			showEnvVarsInLog = 0;
		};
		7C2433A6629634489427E96B /* [CP] Copy Pods Resources */ = {
			isa = PBXShellScriptBuildPhase;
			buildActionMask = 2147483647;
			files = (
			);
			inputPaths = (
			);
			name = "[CP] Copy Pods Resources";
			outputPaths = (
			);
			runOnlyForDeploymentPostprocessing = 0;
			shellPath = /bin/sh;
			shellScript = "\"${SRCROOT}/Pods/Target Support Files/Pods-OnceKitDemoUITests/Pods-OnceKitDemoUITests-resources.sh\"\n";
			showEnvVarsInLog = 0;
		};
		94FF0688BDE641F5ED13CC84 /* [CP] Copy Pods Resources */ = {
			isa = PBXShellScriptBuildPhase;
			buildActionMask = 2147483647;
			files = (
			);
			inputPaths = (
			);
			name = "[CP] Copy Pods Resources";
			outputPaths = (
			);
			runOnlyForDeploymentPostprocessing = 0;
			shellPath = /bin/sh;
			shellScript = "\"${SRCROOT}/Pods/Target Support Files/Pods-OnceKitDemoTests/Pods-OnceKitDemoTests-resources.sh\"\n";
			showEnvVarsInLog = 0;
		};
		9B54BF1BA1CD48D887F00900 /* [CP] Embed Pods Frameworks */ = {
			isa = PBXShellScriptBuildPhase;
			buildActionMask = 2147483647;
			files = (
			);
			inputPaths = (
			);
			name = "[CP] Embed Pods Frameworks";
			outputPaths = (
			);
			runOnlyForDeploymentPostprocessing = 0;
			shellPath = /bin/sh;
			shellScript = "\"${SRCROOT}/Pods/Target Support Files/Pods-OnceKitDemoTests/Pods-OnceKitDemoTests-frameworks.sh\"\n";
			showEnvVarsInLog = 0;
		};
		BE4510CE16380292EDB390CC /* [CP] Check Pods Manifest.lock */ = {
			isa = PBXShellScriptBuildPhase;
			buildActionMask = 2147483647;
			files = (
			);
			inputPaths = (
				"${PODS_PODFILE_DIR_PATH}/Podfile.lock",
				"${PODS_ROOT}/Manifest.lock",
			);
			name = "[CP] Check Pods Manifest.lock";
			outputPaths = (
				"$(DERIVED_FILE_DIR)/Pods-OnceKitDemo-checkManifestLockResult.txt",
			);
			runOnlyForDeploymentPostprocessing = 0;
			shellPath = /bin/sh;
			shellScript = "diff \"${PODS_PODFILE_DIR_PATH}/Podfile.lock\" \"${PODS_ROOT}/Manifest.lock\" > /dev/null\nif [ $? != 0 ] ; then\n    # print error to STDERR\n    echo \"error: The sandbox is not in sync with the Podfile.lock. Run 'pod install' or update your CocoaPods installation.\" >&2\n    exit 1\nfi\n# This output is used by Xcode 'outputs' to avoid re-running this script phase.\necho \"SUCCESS\" > \"${SCRIPT_OUTPUT_FILE_0}\"\n";
			showEnvVarsInLog = 0;
		};
		D1814DF6CDEF3A96E0DB7352 /* [CP] Check Pods Manifest.lock */ = {
			isa = PBXShellScriptBuildPhase;
			buildActionMask = 2147483647;
			files = (
			);
			inputPaths = (
				"${PODS_PODFILE_DIR_PATH}/Podfile.lock",
				"${PODS_ROOT}/Manifest.lock",
			);
			name = "[CP] Check Pods Manifest.lock";
			outputPaths = (
				"$(DERIVED_FILE_DIR)/Pods-OnceKitDemoUITests-checkManifestLockResult.txt",
			);
			runOnlyForDeploymentPostprocessing = 0;
			shellPath = /bin/sh;
			shellScript = "diff \"${PODS_PODFILE_DIR_PATH}/Podfile.lock\" \"${PODS_ROOT}/Manifest.lock\" > /dev/null\nif [ $? != 0 ] ; then\n    # print error to STDERR\n    echo \"error: The sandbox is not in sync with the Podfile.lock. Run 'pod install' or update your CocoaPods installation.\" >&2\n    exit 1\nfi\n# This output is used by Xcode 'outputs' to avoid re-running this script phase.\necho \"SUCCESS\" > \"${SCRIPT_OUTPUT_FILE_0}\"\n";
			showEnvVarsInLog = 0;
		};
		E5A30A510EE4A886D0AB87D1 /* [CP] Embed Pods Frameworks */ = {
			isa = PBXShellScriptBuildPhase;
			buildActionMask = 2147483647;
			files = (
			);
			inputPaths = (
			);
			name = "[CP] Embed Pods Frameworks";
			outputPaths = (
			);
			runOnlyForDeploymentPostprocessing = 0;
			shellPath = /bin/sh;
			shellScript = "\"${SRCROOT}/Pods/Target Support Files/Pods-OnceKitDemoUITests/Pods-OnceKitDemoUITests-frameworks.sh\"\n";
			showEnvVarsInLog = 0;
		};
		F7CC46308DF905FE021648C1 /* [CP] Embed Pods Frameworks */ = {
			isa = PBXShellScriptBuildPhase;
			buildActionMask = 2147483647;
			files = (
			);
			inputPaths = (
			);
			name = "[CP] Embed Pods Frameworks";
			outputPaths = (
			);
			runOnlyForDeploymentPostprocessing = 0;
			shellPath = /bin/sh;
			shellScript = "\"${SRCROOT}/Pods/Target Support Files/Pods-OnceKitDemo/Pods-OnceKitDemo-frameworks.sh\"\n";
			showEnvVarsInLog = 0;
		};
/* End PBXShellScriptBuildPhase section */

/* Begin PBXSourcesBuildPhase section */
		48C654181F8B7EA800CAAD05 /* Sources */ = {
			isa = PBXSourcesBuildPhase;
			buildActionMask = 2147483647;
			files = (
				48C654241F8B7EA800CAAD05 /* ViewController.m in Sources */,
				48C6542F1F8B7EA800CAAD05 /* main.m in Sources */,
				48C654211F8B7EA800CAAD05 /* AppDelegate.m in Sources */,
				48C655571F8E158900CAAD05 /* OnceProgressHUD.m in Sources */,
			);
			runOnlyForDeploymentPostprocessing = 0;
		};
		48C654301F8B7EA800CAAD05 /* Sources */ = {
			isa = PBXSourcesBuildPhase;
			buildActionMask = 2147483647;
			files = (
				48C654391F8B7EA800CAAD05 /* OnceKitDemoTests.m in Sources */,
			);
			runOnlyForDeploymentPostprocessing = 0;
		};
		48C6543B1F8B7EA800CAAD05 /* Sources */ = {
			isa = PBXSourcesBuildPhase;
			buildActionMask = 2147483647;
			files = (
				48C654441F8B7EA800CAAD05 /* OnceKitDemoUITests.m in Sources */,
			);
			runOnlyForDeploymentPostprocessing = 0;
		};
/* End PBXSourcesBuildPhase section */

/* Begin PBXTargetDependency section */
		48C654361F8B7EA800CAAD05 /* PBXTargetDependency */ = {
			isa = PBXTargetDependency;
			target = 48C6541B1F8B7EA800CAAD05 /* OnceKitDemo */;
			targetProxy = 48C654351F8B7EA800CAAD05 /* PBXContainerItemProxy */;
		};
		48C654411F8B7EA800CAAD05 /* PBXTargetDependency */ = {
			isa = PBXTargetDependency;
			target = 48C6541B1F8B7EA800CAAD05 /* OnceKitDemo */;
			targetProxy = 48C654401F8B7EA800CAAD05 /* PBXContainerItemProxy */;
		};
/* End PBXTargetDependency section */

/* Begin PBXVariantGroup section */
		48C654251F8B7EA800CAAD05 /* Main.storyboard */ = {
			isa = PBXVariantGroup;
			children = (
				48C654261F8B7EA800CAAD05 /* Base */,
			);
			name = Main.storyboard;
			sourceTree = "<group>";
		};
		48C6542A1F8B7EA800CAAD05 /* LaunchScreen.storyboard */ = {
			isa = PBXVariantGroup;
			children = (
				48C6542B1F8B7EA800CAAD05 /* Base */,
			);
			name = LaunchScreen.storyboard;
			sourceTree = "<group>";
		};
/* End PBXVariantGroup section */

/* Begin XCBuildConfiguration section */
		48C654461F8B7EA800CAAD05 /* Debug */ = {
			isa = XCBuildConfiguration;
			buildSettings = {
				ALWAYS_SEARCH_USER_PATHS = NO;
				CLANG_ANALYZER_NONNULL = YES;
				CLANG_ANALYZER_NUMBER_OBJECT_CONVERSION = YES_AGGRESSIVE;
				CLANG_CXX_LANGUAGE_STANDARD = "gnu++14";
				CLANG_CXX_LIBRARY = "libc++";
				CLANG_ENABLE_MODULES = YES;
				CLANG_ENABLE_OBJC_ARC = YES;
				CLANG_WARN_BLOCK_CAPTURE_AUTORELEASING = YES;
				CLANG_WARN_BOOL_CONVERSION = YES;
				CLANG_WARN_COMMA = YES;
				CLANG_WARN_CONSTANT_CONVERSION = YES;
				CLANG_WARN_DIRECT_OBJC_ISA_USAGE = YES_ERROR;
				CLANG_WARN_DOCUMENTATION_COMMENTS = YES;
				CLANG_WARN_EMPTY_BODY = YES;
				CLANG_WARN_ENUM_CONVERSION = YES;
				CLANG_WARN_INFINITE_RECURSION = YES;
				CLANG_WARN_INT_CONVERSION = YES;
				CLANG_WARN_NON_LITERAL_NULL_CONVERSION = YES;
				CLANG_WARN_OBJC_LITERAL_CONVERSION = YES;
				CLANG_WARN_OBJC_ROOT_CLASS = YES_ERROR;
				CLANG_WARN_RANGE_LOOP_ANALYSIS = YES;
				CLANG_WARN_STRICT_PROTOTYPES = YES;
				CLANG_WARN_SUSPICIOUS_MOVE = YES;
				CLANG_WARN_UNGUARDED_AVAILABILITY = YES_AGGRESSIVE;
				CLANG_WARN_UNREACHABLE_CODE = YES;
				CLANG_WARN__DUPLICATE_METHOD_MATCH = YES;
				CODE_SIGN_IDENTITY = "iPhone Developer";
				COPY_PHASE_STRIP = NO;
				DEBUG_INFORMATION_FORMAT = dwarf;
				ENABLE_STRICT_OBJC_MSGSEND = YES;
				ENABLE_TESTABILITY = YES;
				GCC_C_LANGUAGE_STANDARD = gnu11;
				GCC_DYNAMIC_NO_PIC = NO;
				GCC_NO_COMMON_BLOCKS = YES;
				GCC_OPTIMIZATION_LEVEL = 0;
				GCC_PREPROCESSOR_DEFINITIONS = (
					"DEBUG=1",
					"$(inherited)",
				);
				GCC_WARN_64_TO_32_BIT_CONVERSION = YES;
				GCC_WARN_ABOUT_RETURN_TYPE = YES_ERROR;
				GCC_WARN_UNDECLARED_SELECTOR = YES;
				GCC_WARN_UNINITIALIZED_AUTOS = YES_AGGRESSIVE;
				GCC_WARN_UNUSED_FUNCTION = YES;
				GCC_WARN_UNUSED_VARIABLE = YES;
				IPHONEOS_DEPLOYMENT_TARGET = 11.0;
				MTL_ENABLE_DEBUG_INFO = YES;
				ONLY_ACTIVE_ARCH = YES;
				SDKROOT = iphoneos;
			};
			name = Debug;
		};
		48C654471F8B7EA800CAAD05 /* Release */ = {
			isa = XCBuildConfiguration;
			buildSettings = {
				ALWAYS_SEARCH_USER_PATHS = NO;
				CLANG_ANALYZER_NONNULL = YES;
				CLANG_ANALYZER_NUMBER_OBJECT_CONVERSION = YES_AGGRESSIVE;
				CLANG_CXX_LANGUAGE_STANDARD = "gnu++14";
				CLANG_CXX_LIBRARY = "libc++";
				CLANG_ENABLE_MODULES = YES;
				CLANG_ENABLE_OBJC_ARC = YES;
				CLANG_WARN_BLOCK_CAPTURE_AUTORELEASING = YES;
				CLANG_WARN_BOOL_CONVERSION = YES;
				CLANG_WARN_COMMA = YES;
				CLANG_WARN_CONSTANT_CONVERSION = YES;
				CLANG_WARN_DIRECT_OBJC_ISA_USAGE = YES_ERROR;
				CLANG_WARN_DOCUMENTATION_COMMENTS = YES;
				CLANG_WARN_EMPTY_BODY = YES;
				CLANG_WARN_ENUM_CONVERSION = YES;
				CLANG_WARN_INFINITE_RECURSION = YES;
				CLANG_WARN_INT_CONVERSION = YES;
				CLANG_WARN_NON_LITERAL_NULL_CONVERSION = YES;
				CLANG_WARN_OBJC_LITERAL_CONVERSION = YES;
				CLANG_WARN_OBJC_ROOT_CLASS = YES_ERROR;
				CLANG_WARN_RANGE_LOOP_ANALYSIS = YES;
				CLANG_WARN_STRICT_PROTOTYPES = YES;
				CLANG_WARN_SUSPICIOUS_MOVE = YES;
				CLANG_WARN_UNGUARDED_AVAILABILITY = YES_AGGRESSIVE;
				CLANG_WARN_UNREACHABLE_CODE = YES;
				CLANG_WARN__DUPLICATE_METHOD_MATCH = YES;
				CODE_SIGN_IDENTITY = "iPhone Developer";
				COPY_PHASE_STRIP = NO;
				DEBUG_INFORMATION_FORMAT = "dwarf-with-dsym";
				ENABLE_NS_ASSERTIONS = NO;
				ENABLE_STRICT_OBJC_MSGSEND = YES;
				GCC_C_LANGUAGE_STANDARD = gnu11;
				GCC_NO_COMMON_BLOCKS = YES;
				GCC_WARN_64_TO_32_BIT_CONVERSION = YES;
				GCC_WARN_ABOUT_RETURN_TYPE = YES_ERROR;
				GCC_WARN_UNDECLARED_SELECTOR = YES;
				GCC_WARN_UNINITIALIZED_AUTOS = YES_AGGRESSIVE;
				GCC_WARN_UNUSED_FUNCTION = YES;
				GCC_WARN_UNUSED_VARIABLE = YES;
				IPHONEOS_DEPLOYMENT_TARGET = 11.0;
				MTL_ENABLE_DEBUG_INFO = NO;
				SDKROOT = iphoneos;
				VALIDATE_PRODUCT = YES;
			};
			name = Release;
		};
		48C654491F8B7EA800CAAD05 /* Debug */ = {
			isa = XCBuildConfiguration;
			baseConfigurationReference = A581A1653A08F117B2B9B20F /* Pods-OnceKitDemo.debug.xcconfig */;
			buildSettings = {
				ASSETCATALOG_COMPILER_APPICON_NAME = AppIcon;
				CODE_SIGN_STYLE = Automatic;
				DEVELOPMENT_TEAM = 893D33K8C3;
				GCC_PRECOMPILE_PREFIX_HEADER = YES;
				INFOPLIST_FILE = OnceKitDemo/Info.plist;
				IPHONEOS_DEPLOYMENT_TARGET = 8.0;
				LD_RUNPATH_SEARCH_PATHS = "$(inherited) @executable_path/Frameworks";
				PRODUCT_BUNDLE_IDENTIFIER = com.pms.shaoqi.OnceKitDemo;
				PRODUCT_NAME = "$(TARGET_NAME)";
				TARGETED_DEVICE_FAMILY = 1;
			};
			name = Debug;
		};
		48C6544A1F8B7EA800CAAD05 /* Release */ = {
			isa = XCBuildConfiguration;
			baseConfigurationReference = 16C84D851BD504A37583FBFB /* Pods-OnceKitDemo.release.xcconfig */;
			buildSettings = {
				ASSETCATALOG_COMPILER_APPICON_NAME = AppIcon;
				CODE_SIGN_STYLE = Automatic;
				DEVELOPMENT_TEAM = 893D33K8C3;
				GCC_PRECOMPILE_PREFIX_HEADER = YES;
				INFOPLIST_FILE = OnceKitDemo/Info.plist;
				IPHONEOS_DEPLOYMENT_TARGET = 8.0;
				LD_RUNPATH_SEARCH_PATHS = "$(inherited) @executable_path/Frameworks";
				PRODUCT_BUNDLE_IDENTIFIER = com.pms.shaoqi.OnceKitDemo;
				PRODUCT_NAME = "$(TARGET_NAME)";
				TARGETED_DEVICE_FAMILY = 1;
			};
			name = Release;
		};
		48C6544C1F8B7EA800CAAD05 /* Debug */ = {
			isa = XCBuildConfiguration;
			baseConfigurationReference = FE387A5220F525242DF4D3F6 /* Pods-OnceKitDemoTests.debug.xcconfig */;
			buildSettings = {
				BUNDLE_LOADER = "$(TEST_HOST)";
				CODE_SIGN_STYLE = Automatic;
				DEVELOPMENT_TEAM = 893D33K8C3;
				INFOPLIST_FILE = OnceKitDemoTests/Info.plist;
				LD_RUNPATH_SEARCH_PATHS = "$(inherited) @executable_path/Frameworks @loader_path/Frameworks";
				PRODUCT_BUNDLE_IDENTIFIER = com.pms.shaoqi.OnceKitDemoTests;
				PRODUCT_NAME = "$(TARGET_NAME)";
				TARGETED_DEVICE_FAMILY = "1,2";
				TEST_HOST = "$(BUILT_PRODUCTS_DIR)/OnceKitDemo.app/OnceKitDemo";
			};
			name = Debug;
		};
		48C6544D1F8B7EA800CAAD05 /* Release */ = {
			isa = XCBuildConfiguration;
			baseConfigurationReference = DBDE36AAE888F3993CD55A92 /* Pods-OnceKitDemoTests.release.xcconfig */;
			buildSettings = {
				BUNDLE_LOADER = "$(TEST_HOST)";
				CODE_SIGN_STYLE = Automatic;
				DEVELOPMENT_TEAM = 893D33K8C3;
				INFOPLIST_FILE = OnceKitDemoTests/Info.plist;
				LD_RUNPATH_SEARCH_PATHS = "$(inherited) @executable_path/Frameworks @loader_path/Frameworks";
				PRODUCT_BUNDLE_IDENTIFIER = com.pms.shaoqi.OnceKitDemoTests;
				PRODUCT_NAME = "$(TARGET_NAME)";
				TARGETED_DEVICE_FAMILY = "1,2";
				TEST_HOST = "$(BUILT_PRODUCTS_DIR)/OnceKitDemo.app/OnceKitDemo";
			};
			name = Release;
		};
		48C6544F1F8B7EA800CAAD05 /* Debug */ = {
			isa = XCBuildConfiguration;
			baseConfigurationReference = BC7603E6C2D0A184A75CE57E /* Pods-OnceKitDemoUITests.debug.xcconfig */;
			buildSettings = {
				CODE_SIGN_STYLE = Automatic;
				DEVELOPMENT_TEAM = 893D33K8C3;
				INFOPLIST_FILE = OnceKitDemoUITests/Info.plist;
				LD_RUNPATH_SEARCH_PATHS = "$(inherited) @executable_path/Frameworks @loader_path/Frameworks";
				PRODUCT_BUNDLE_IDENTIFIER = com.pms.shaoqi.OnceKitDemoUITests;
				PRODUCT_NAME = "$(TARGET_NAME)";
				TARGETED_DEVICE_FAMILY = "1,2";
				TEST_TARGET_NAME = OnceKitDemo;
			};
			name = Debug;
		};
		48C654501F8B7EA800CAAD05 /* Release */ = {
			isa = XCBuildConfiguration;
			baseConfigurationReference = 924A881DC5AC1E64FC4C8F5B /* Pods-OnceKitDemoUITests.release.xcconfig */;
			buildSettings = {
				CODE_SIGN_STYLE = Automatic;
				DEVELOPMENT_TEAM = 893D33K8C3;
				INFOPLIST_FILE = OnceKitDemoUITests/Info.plist;
				LD_RUNPATH_SEARCH_PATHS = "$(inherited) @executable_path/Frameworks @loader_path/Frameworks";
				PRODUCT_BUNDLE_IDENTIFIER = com.pms.shaoqi.OnceKitDemoUITests;
				PRODUCT_NAME = "$(TARGET_NAME)";
				TARGETED_DEVICE_FAMILY = "1,2";
				TEST_TARGET_NAME = OnceKitDemo;
			};
			name = Release;
		};
/* End XCBuildConfiguration section */

/* Begin XCConfigurationList section */
		48C654171F8B7EA800CAAD05 /* Build configuration list for PBXProject "OnceKitDemo" */ = {
			isa = XCConfigurationList;
			buildConfigurations = (
				48C654461F8B7EA800CAAD05 /* Debug */,
				48C654471F8B7EA800CAAD05 /* Release */,
			);
			defaultConfigurationIsVisible = 0;
			defaultConfigurationName = Release;
		};
		48C654481F8B7EA800CAAD05 /* Build configuration list for PBXNativeTarget "OnceKitDemo" */ = {
			isa = XCConfigurationList;
			buildConfigurations = (
				48C654491F8B7EA800CAAD05 /* Debug */,
				48C6544A1F8B7EA800CAAD05 /* Release */,
			);
			defaultConfigurationIsVisible = 0;
			defaultConfigurationName = Release;
		};
		48C6544B1F8B7EA800CAAD05 /* Build configuration list for PBXNativeTarget "OnceKitDemoTests" */ = {
			isa = XCConfigurationList;
			buildConfigurations = (
				48C6544C1F8B7EA800CAAD05 /* Debug */,
				48C6544D1F8B7EA800CAAD05 /* Release */,
			);
			defaultConfigurationIsVisible = 0;
			defaultConfigurationName = Release;
		};
		48C6544E1F8B7EA800CAAD05 /* Build configuration list for PBXNativeTarget "OnceKitDemoUITests" */ = {
			isa = XCConfigurationList;
			buildConfigurations = (
				48C6544F1F8B7EA800CAAD05 /* Debug */,
				48C654501F8B7EA800CAAD05 /* Release */,
			);
			defaultConfigurationIsVisible = 0;
			defaultConfigurationName = Release;
		};
/* End XCConfigurationList section */
	};
	rootObject = 48C654141F8B7EA800CAAD05 /* Project object */;
}
